
Microsoft Visual Studio Solution File, Format Version 12.00
# Visual Studio Version 17
VisualStudioVersion = 17.5.002.0
MinimumVisualStudioVersion = 10.0.40219.1
Project("{9A19103F-16F7-4668-BE54-9A1E7A4F7556}") = "myorange_pmproject", "myorange_pmproject.csproj", "{ED049F84-9267-4D7E-A280-16A2128E0380}"
EndProject
Project("{2150E333-8FDC-42A3-9474-1A3956D46DE8}") = "解决方案项", "解决方案项", "{5BC1FF37-4226-475D-B8DD-EF5AEC32B023}"
EndProject
Global
	GlobalSection(SolutionConfigurationPlatforms) = preSolution
		Debug|Any CPU = Debug|Any CPU
		Release|Any CPU = Release|Any CPU
	EndGlobalSection
	GlobalSection(ProjectConfigurationPlatforms) = postSolution
		{ED049F84-9267-4D7E-A280-16A2128E0380}.Debug|Any CPU.ActiveCfg = Debug|Any CPU
		{ED049F84-9267-4D7E-A280-16A2128E0380}.Debug|Any CPU.Build.0 = Debug|Any CPU
		{ED049F84-9267-4D7E-A280-16A2128E0380}.Release|Any CPU.ActiveCfg = Release|Any CPU
		{ED049F84-9267-4D7E-A280-16A2128E0380}.Release|Any CPU.Build.0 = Release|Any CPU
	EndGlobalSection
	GlobalSection(SolutionProperties) = preSolution
		HideSolutionNode = FALSE
	EndGlobalSection
	GlobalSection(ExtensibilityGlobals) = postSolution
		SolutionGuid = {19737D5D-4978-49E6-BF7B-08220A2B3D01}
	EndGlobalSection
EndGlobal
